
Microsoft Visual Studio Solution File, Format Version 12.00
# Visual Studio Version 17
VisualStudioVersion = 17.6.33815.320
MinimumVisualStudioVersion = 10.0.40219.1
Project("{FAE04EC0-301F-11D3-BF4B-00C04F79EFBC}") = "Greedy Florist", "Greedy Florist\Greedy Florist.csproj", "{62413391-FB6B-4DB9-B9EA-1240EDB9733F}"
EndProject
Global
	GlobalSection(SolutionConfigurationPlatforms) = preSolution
		Debug|Any CPU = Debug|Any CPU
		Release|Any CPU = Release|Any CPU
	EndGlobalSection
	GlobalSection(ProjectConfigurationPlatforms) = postSolution
		{62413391-FB6B-4DB9-B9EA-1240EDB9733F}.Debug|Any CPU.ActiveCfg = Debug|Any CPU
		{62413391-FB6B-4DB9-B9EA-1240EDB9733F}.Debug|Any CPU.Build.0 = Debug|Any CPU
		{62413391-FB6B-4DB9-B9EA-1240EDB9733F}.Release|Any CPU.ActiveCfg = Release|Any CPU
		{62413391-FB6B-4DB9-B9EA-1240EDB9733F}.Release|Any CPU.Build.0 = Release|Any CPU
	EndGlobalSection
	GlobalSection(SolutionProperties) = preSolution
		HideSolutionNode = FALSE
	EndGlobalSection
	GlobalSection(ExtensibilityGlobals) = postSolution
		SolutionGuid = {D716F9F9-2655-4559-870D-B8DCCF19FC9D}
	EndGlobalSection
EndGlobal
